// !$*UTF8*$!
{
	archiveVersion = 1;
	classes = {
	};
	objectVersion = 50;
	objects = {

/* Begin PBXBuildFile section */
		57A5BFEA208D9E6500F1C597 /* AppDelegate.m in Sources */ = {isa = PBXBuildFile; fileRef = 57A5BFE9208D9E6500F1C597 /* AppDelegate.m */; };
		57A5BFED208D9E6500F1C597 /* ViewController.m in Sources */ = {isa = PBXBuildFile; fileRef = 57A5BFEC208D9E6500F1C597 /* ViewController.m */; };
		57A5BFF0208D9E6500F1C597 /* Main.storyboard in Resources */ = {isa = PBXBuildFile; fileRef = 57A5BFEE208D9E6500F1C597 /* Main.storyboard */; };
		57A5BFF3208D9E6500F1C597 /* PostRequest.xcdatamodeld in Sources */ = {isa = PBXBuildFile; fileRef = 57A5BFF1208D9E6500F1C597 /* PostRequest.xcdatamodeld */; };
		57A5BFF5208D9E6700F1C597 /* Assets.xcassets in Resources */ = {isa = PBXBuildFile; fileRef = 57A5BFF4208D9E6700F1C597 /* Assets.xcassets */; };
		57A5BFF8208D9E6700F1C597 /* LaunchScreen.storyboard in Resources */ = {isa = PBXBuildFile; fileRef = 57A5BFF6208D9E6700F1C597 /* LaunchScreen.storyboard */; };
		57A5BFFB208D9E6700F1C597 /* main.m in Sources */ = {isa = PBXBuildFile; fileRef = 57A5BFFA208D9E6700F1C597 /* main.m */; };
		57A5C005208D9E6700F1C597 /* PostRequestTests.m in Sources */ = {isa = PBXBuildFile; fileRef = 57A5C004208D9E6700F1C597 /* PostRequestTests.m */; };
		57A5C010208D9E6700F1C597 /* PostRequestUITests.m in Sources */ = {isa = PBXBuildFile; fileRef = 57A5C00F208D9E6700F1C597 /* PostRequestUITests.m */; };
		57AAC445208F253F00EE54E0 /* BL_TwitterRequest.m in Sources */ = {isa = PBXBuildFile; fileRef = 57AAC444208F253F00EE54E0 /* BL_TwitterRequest.m */; };
		57AAC448208F271700EE54E0 /* Base64.m in Sources */ = {isa = PBXBuildFile; fileRef = 57AAC447208F271700EE54E0 /* Base64.m */; };
		57AAC44C208F4A5500EE54E0 /* VerifyViewController.m in Sources */ = {isa = PBXBuildFile; fileRef = 57AAC44B208F4A5500EE54E0 /* VerifyViewController.m */; };
		57DF70582090C91600831D3E /* FollowerTableViewController.m in Sources */ = {isa = PBXBuildFile; fileRef = 57DF70572090C91600831D3E /* FollowerTableViewController.m */; };
		57DF705F2090E12900831D3E /* chat_arrow@2x.png in Resources */ = {isa = PBXBuildFile; fileRef = 57DF705C2090E12800831D3E /* chat_arrow@2x.png */; };
		57DF70602090E12900831D3E /* chat_arrow@3x.png in Resources */ = {isa = PBXBuildFile; fileRef = 57DF705D2090E12900831D3E /* chat_arrow@3x.png */; };
		57DF70612090E12900831D3E /* chat_arrow.png in Resources */ = {isa = PBXBuildFile; fileRef = 57DF705E2090E12900831D3E /* chat_arrow.png */; };
		57DF70642090E13000831D3E /* AGChatViewController.m in Sources */ = {isa = PBXBuildFile; fileRef = 57DF70622090E13000831D3E /* AGChatViewController.m */; };
/* End PBXBuildFile section */

/* Begin PBXContainerItemProxy section */
		57A5C001208D9E6700F1C597 /* PBXContainerItemProxy */ = {
			isa = PBXContainerItemProxy;
			containerPortal = 57A5BFDD208D9E6500F1C597 /* Project object */;
			proxyType = 1;
			remoteGlobalIDString = 57A5BFE4208D9E6500F1C597;
			remoteInfo = PostRequest;
		};
		57A5C00C208D9E6700F1C597 /* PBXContainerItemProxy */ = {
			isa = PBXContainerItemProxy;
			containerPortal = 57A5BFDD208D9E6500F1C597 /* Project object */;
			proxyType = 1;
			remoteGlobalIDString = 57A5BFE4208D9E6500F1C597;
			remoteInfo = PostRequest;
		};
/* End PBXContainerItemProxy section */

/* Begin PBXFileReference section */
		57A5BFE5208D9E6500F1C597 /* Twitter.app */ = {isa = PBXFileReference; explicitFileType = wrapper.application; includeInIndex = 0; path = Twitter.app; sourceTree = BUILT_PRODUCTS_DIR; };
		57A5BFE8208D9E6500F1C597 /* AppDelegate.h */ = {isa = PBXFileReference; lastKnownFileType = sourcecode.c.h; path = AppDelegate.h; sourceTree = "<group>"; };
		57A5BFE9208D9E6500F1C597 /* AppDelegate.m */ = {isa = PBXFileReference; lastKnownFileType = sourcecode.c.objc; path = AppDelegate.m; sourceTree = "<group>"; };
		57A5BFEB208D9E6500F1C597 /* ViewController.h */ = {isa = PBXFileReference; lastKnownFileType = sourcecode.c.h; path = ViewController.h; sourceTree = "<group>"; };
		57A5BFEC208D9E6500F1C597 /* ViewController.m */ = {isa = PBXFileReference; lastKnownFileType = sourcecode.c.objc; path = ViewController.m; sourceTree = "<group>"; };
		57A5BFEF208D9E6500F1C597 /* Base */ = {isa = PBXFileReference; lastKnownFileType = file.storyboard; name = Base; path = Base.lproj/Main.storyboard; sourceTree = "<group>"; };
		57A5BFF2208D9E6500F1C597 /* PostRequest.xcdatamodel */ = {isa = PBXFileReference; lastKnownFileType = wrapper.xcdatamodel; path = PostRequest.xcdatamodel; sourceTree = "<group>"; };
		57A5BFF4208D9E6700F1C597 /* Assets.xcassets */ = {isa = PBXFileReference; lastKnownFileType = folder.assetcatalog; path = Assets.xcassets; sourceTree = "<group>"; };
		57A5BFF7208D9E6700F1C597 /* Base */ = {isa = PBXFileReference; lastKnownFileType = file.storyboard; name = Base; path = Base.lproj/LaunchScreen.storyboard; sourceTree = "<group>"; };
		57A5BFF9208D9E6700F1C597 /* Info.plist */ = {isa = PBXFileReference; lastKnownFileType = text.plist.xml; path = Info.plist; sourceTree = "<group>"; };
		57A5BFFA208D9E6700F1C597 /* main.m */ = {isa = PBXFileReference; lastKnownFileType = sourcecode.c.objc; path = main.m; sourceTree = "<group>"; };
		57A5C000208D9E6700F1C597 /* TwitterTests.xctest */ = {isa = PBXFileReference; explicitFileType = wrapper.cfbundle; includeInIndex = 0; path = TwitterTests.xctest; sourceTree = BUILT_PRODUCTS_DIR; };
		57A5C004208D9E6700F1C597 /* PostRequestTests.m */ = {isa = PBXFileReference; lastKnownFileType = sourcecode.c.objc; path = PostRequestTests.m; sourceTree = "<group>"; };
		57A5C006208D9E6700F1C597 /* Info.plist */ = {isa = PBXFileReference; lastKnownFileType = text.plist.xml; path = Info.plist; sourceTree = "<group>"; };
		57A5C00B208D9E6700F1C597 /* TwitterUITests.xctest */ = {isa = PBXFileReference; explicitFileType = wrapper.cfbundle; includeInIndex = 0; path = TwitterUITests.xctest; sourceTree = BUILT_PRODUCTS_DIR; };
		57A5C00F208D9E6700F1C597 /* PostRequestUITests.m */ = {isa = PBXFileReference; lastKnownFileType = sourcecode.c.objc; path = PostRequestUITests.m; sourceTree = "<group>"; };
		57A5C011208D9E6700F1C597 /* Info.plist */ = {isa = PBXFileReference; lastKnownFileType = text.plist.xml; path = Info.plist; sourceTree = "<group>"; };
		57AAC443208F253F00EE54E0 /* BL_TwitterRequest.h */ = {isa = PBXFileReference; lastKnownFileType = sourcecode.c.h; path = BL_TwitterRequest.h; sourceTree = "<group>"; };
		57AAC444208F253F00EE54E0 /* BL_TwitterRequest.m */ = {isa = PBXFileReference; lastKnownFileType = sourcecode.c.objc; path = BL_TwitterRequest.m; sourceTree = "<group>"; };
		57AAC446208F271600EE54E0 /* Base64.h */ = {isa = PBXFileReference; fileEncoding = 4; lastKnownFileType = sourcecode.c.h; path = Base64.h; sourceTree = "<group>"; };
		57AAC447208F271700EE54E0 /* Base64.m */ = {isa = PBXFileReference; fileEncoding = 4; lastKnownFileType = sourcecode.c.objc; path = Base64.m; sourceTree = "<group>"; };
		57AAC44A208F4A5500EE54E0 /* VerifyViewController.h */ = {isa = PBXFileReference; lastKnownFileType = sourcecode.c.h; path = VerifyViewController.h; sourceTree = "<group>"; };
		57AAC44B208F4A5500EE54E0 /* VerifyViewController.m */ = {isa = PBXFileReference; lastKnownFileType = sourcecode.c.objc; path = VerifyViewController.m; sourceTree = "<group>"; };
		57DEC0722091B925006AA252 /* UserMessage.h */ = {isa = PBXFileReference; lastKnownFileType = sourcecode.c.h; path = UserMessage.h; sourceTree = "<group>"; };
		57DF70562090C91600831D3E /* FollowerTableViewController.h */ = {isa = PBXFileReference; lastKnownFileType = sourcecode.c.h; path = FollowerTableViewController.h; sourceTree = "<group>"; };
		57DF70572090C91600831D3E /* FollowerTableViewController.m */ = {isa = PBXFileReference; lastKnownFileType = sourcecode.c.objc; path = FollowerTableViewController.m; sourceTree = "<group>"; };
		57DF705C2090E12800831D3E /* chat_arrow@2x.png */ = {isa = PBXFileReference; lastKnownFileType = image.png; path = "chat_arrow@2x.png"; sourceTree = "<group>"; };
		57DF705D2090E12900831D3E /* chat_arrow@3x.png */ = {isa = PBXFileReference; lastKnownFileType = image.png; path = "chat_arrow@3x.png"; sourceTree = "<group>"; };
		57DF705E2090E12900831D3E /* chat_arrow.png */ = {isa = PBXFileReference; lastKnownFileType = image.png; path = chat_arrow.png; sourceTree = "<group>"; };
		57DF70622090E13000831D3E /* AGChatViewController.m */ = {isa = PBXFileReference; fileEncoding = 4; lastKnownFileType = sourcecode.c.objc; path = AGChatViewController.m; sourceTree = "<group>"; };
		57DF70632090E13000831D3E /* AGChatViewController.h */ = {isa = PBXFileReference; fileEncoding = 4; lastKnownFileType = sourcecode.c.h; path = AGChatViewController.h; sourceTree = "<group>"; };
/* End PBXFileReference section */

/* Begin PBXFrameworksBuildPhase section */
		57A5BFE2208D9E6500F1C597 /* Frameworks */ = {
			isa = PBXFrameworksBuildPhase;
			buildActionMask = 2147483647;
			files = (
			);
			runOnlyForDeploymentPostprocessing = 0;
		};
		57A5BFFD208D9E6700F1C597 /* Frameworks */ = {
			isa = PBXFrameworksBuildPhase;
			buildActionMask = 2147483647;
			files = (
			);
			runOnlyForDeploymentPostprocessing = 0;
		};
		57A5C008208D9E6700F1C597 /* Frameworks */ = {
			isa = PBXFrameworksBuildPhase;
			buildActionMask = 2147483647;
			files = (
			);
			runOnlyForDeploymentPostprocessing = 0;
		};
/* End PBXFrameworksBuildPhase section */

/* Begin PBXGroup section */
		57A5BFDC208D9E6500F1C597 = {
			isa = PBXGroup;
			children = (
				57A5BFE7208D9E6500F1C597 /* PostRequest */,
				57A5C003208D9E6700F1C597 /* PostRequestTests */,
				57A5C00E208D9E6700F1C597 /* PostRequestUITests */,
				57A5BFE6208D9E6500F1C597 /* Products */,
			);
			sourceTree = "<group>";
		};
		57A5BFE6208D9E6500F1C597 /* Products */ = {
			isa = PBXGroup;
			children = (
				57A5BFE5208D9E6500F1C597 /* Twitter.app */,
				57A5C000208D9E6700F1C597 /* TwitterTests.xctest */,
				57A5C00B208D9E6700F1C597 /* TwitterUITests.xctest */,
			);
			name = Products;
			sourceTree = "<group>";
		};
		57A5BFE7208D9E6500F1C597 /* PostRequest */ = {
			isa = PBXGroup;
			children = (
				57DF705B2090E11600831D3E /* Images */,
				57DF70592090E04800831D3E /* ChatView */,
				57DF70552090C8EC00831D3E /* MainScreen */,
				57AAC449208F4A1E00EE54E0 /* LaunchScreen */,
				57AAC446208F271600EE54E0 /* Base64.h */,
				57AAC447208F271700EE54E0 /* Base64.m */,
				57A5BFE8208D9E6500F1C597 /* AppDelegate.h */,
				57A5BFE9208D9E6500F1C597 /* AppDelegate.m */,
				57A5BFEB208D9E6500F1C597 /* ViewController.h */,
				57A5BFEC208D9E6500F1C597 /* ViewController.m */,
				57A5BFEE208D9E6500F1C597 /* Main.storyboard */,
				57A5BFF4208D9E6700F1C597 /* Assets.xcassets */,
				57A5BFF6208D9E6700F1C597 /* LaunchScreen.storyboard */,
				57A5BFF9208D9E6700F1C597 /* Info.plist */,
				57A5BFFA208D9E6700F1C597 /* main.m */,
				57A5BFF1208D9E6500F1C597 /* PostRequest.xcdatamodeld */,
				57AAC443208F253F00EE54E0 /* BL_TwitterRequest.h */,
				57AAC444208F253F00EE54E0 /* BL_TwitterRequest.m */,
			);
			path = PostRequest;
			sourceTree = "<group>";
		};
		57A5C003208D9E6700F1C597 /* PostRequestTests */ = {
			isa = PBXGroup;
			children = (
				57A5C004208D9E6700F1C597 /* PostRequestTests.m */,
				57A5C006208D9E6700F1C597 /* Info.plist */,
			);
			path = PostRequestTests;
			sourceTree = "<group>";
		};
		57A5C00E208D9E6700F1C597 /* PostRequestUITests */ = {
			isa = PBXGroup;
			children = (
				57A5C00F208D9E6700F1C597 /* PostRequestUITests.m */,
				57A5C011208D9E6700F1C597 /* Info.plist */,
			);
			path = PostRequestUITests;
			sourceTree = "<group>";
		};
		57AAC449208F4A1E00EE54E0 /* LaunchScreen */ = {
			isa = PBXGroup;
			children = (
				57AAC44A208F4A5500EE54E0 /* VerifyViewController.h */,
				57AAC44B208F4A5500EE54E0 /* VerifyViewController.m */,
			);
			path = LaunchScreen;
			sourceTree = "<group>";
		};
		57DF70552090C8EC00831D3E /* MainScreen */ = {
			isa = PBXGroup;
			children = (
				57DF70562090C91600831D3E /* FollowerTableViewController.h */,
				57DF70572090C91600831D3E /* FollowerTableViewController.m */,
			);
			path = MainScreen;
			sourceTree = "<group>";
		};
		57DF70592090E04800831D3E /* ChatView */ = {
			isa = PBXGroup;
			children = (
				57DF70632090E13000831D3E /* AGChatViewController.h */,
				57DF70622090E13000831D3E /* AGChatViewController.m */,
				57DEC0722091B925006AA252 /* UserMessage.h */,
			);
			path = ChatView;
			sourceTree = "<group>";
		};
		57DF705B2090E11600831D3E /* Images */ = {
			isa = PBXGroup;
			children = (
				57DF705E2090E12900831D3E /* chat_arrow.png */,
				57DF705C2090E12800831D3E /* chat_arrow@2x.png */,
				57DF705D2090E12900831D3E /* chat_arrow@3x.png */,
			);
			path = Images;
			sourceTree = "<group>";
		};
/* End PBXGroup section */

/* Begin PBXNativeTarget section */
		57A5BFE4208D9E6500F1C597 /* Twitter */ = {
			isa = PBXNativeTarget;
			buildConfigurationList = 57A5C014208D9E6700F1C597 /* Build configuration list for PBXNativeTarget "Twitter" */;
			buildPhases = (
				57A5BFE1208D9E6500F1C597 /* Sources */,
				57A5BFE2208D9E6500F1C597 /* Frameworks */,
				57A5BFE3208D9E6500F1C597 /* Resources */,
			);
			buildRules = (
			);
			dependencies = (
			);
			name = Twitter;
			productName = PostRequest;
			productReference = 57A5BFE5208D9E6500F1C597 /* Twitter.app */;
			productType = "com.apple.product-type.application";
		};
		57A5BFFF208D9E6700F1C597 /* TwitterTests */ = {
			isa = PBXNativeTarget;
			buildConfigurationList = 57A5C017208D9E6700F1C597 /* Build configuration list for PBXNativeTarget "TwitterTests" */;
			buildPhases = (
				57A5BFFC208D9E6700F1C597 /* Sources */,
				57A5BFFD208D9E6700F1C597 /* Frameworks */,
				57A5BFFE208D9E6700F1C597 /* Resources */,
			);
			buildRules = (
			);
			dependencies = (
				57A5C002208D9E6700F1C597 /* PBXTargetDependency */,
			);
			name = TwitterTests;
			productName = PostRequestTests;
			productReference = 57A5C000208D9E6700F1C597 /* TwitterTests.xctest */;
			productType = "com.apple.product-type.bundle.unit-test";
		};
		57A5C00A208D9E6700F1C597 /* TwitterUITests */ = {
			isa = PBXNativeTarget;
			buildConfigurationList = 57A5C01A208D9E6700F1C597 /* Build configuration list for PBXNativeTarget "TwitterUITests" */;
			buildPhases = (
				57A5C007208D9E6700F1C597 /* Sources */,
				57A5C008208D9E6700F1C597 /* Frameworks */,
				57A5C009208D9E6700F1C597 /* Resources */,
			);
			buildRules = (
			);
			dependencies = (
				57A5C00D208D9E6700F1C597 /* PBXTargetDependency */,
			);
			name = TwitterUITests;
			productName = PostRequestUITests;
			productReference = 57A5C00B208D9E6700F1C597 /* TwitterUITests.xctest */;
			productType = "com.apple.product-type.bundle.ui-testing";
		};
/* End PBXNativeTarget section */

/* Begin PBXProject section */
		57A5BFDD208D9E6500F1C597 /* Project object */ = {
			isa = PBXProject;
			attributes = {
				LastUpgradeCheck = 0930;
				ORGANIZATIONNAME = "Pham Van Hau";
				TargetAttributes = {
					57A5BFE4208D9E6500F1C597 = {
						CreatedOnToolsVersion = 9.3;
					};
					57A5BFFF208D9E6700F1C597 = {
						CreatedOnToolsVersion = 9.3;
						TestTargetID = 57A5BFE4208D9E6500F1C597;
					};
					57A5C00A208D9E6700F1C597 = {
						CreatedOnToolsVersion = 9.3;
						TestTargetID = 57A5BFE4208D9E6500F1C597;
					};
				};
			};
			buildConfigurationList = 57A5BFE0208D9E6500F1C597 /* Build configuration list for PBXProject "Twitter" */;
			compatibilityVersion = "Xcode 9.3";
			developmentRegion = en;
			hasScannedForEncodings = 0;
			knownRegions = (
				en,
				Base,
			);
			mainGroup = 57A5BFDC208D9E6500F1C597;
			productRefGroup = 57A5BFE6208D9E6500F1C597 /* Products */;
			projectDirPath = "";
			projectRoot = "";
			targets = (
				57A5BFE4208D9E6500F1C597 /* Twitter */,
				57A5BFFF208D9E6700F1C597 /* TwitterTests */,
				57A5C00A208D9E6700F1C597 /* TwitterUITests */,
			);
		};
/* End PBXProject section */

/* Begin PBXResourcesBuildPhase section */
		57A5BFE3208D9E6500F1C597 /* Resources */ = {
			isa = PBXResourcesBuildPhase;
			buildActionMask = 2147483647;
			files = (
				57DF705F2090E12900831D3E /* chat_arrow@2x.png in Resources */,
				57DF70612090E12900831D3E /* chat_arrow.png in Resources */,
				57A5BFF8208D9E6700F1C597 /* LaunchScreen.storyboard in Resources */,
				57DF70602090E12900831D3E /* chat_arrow@3x.png in Resources */,
				57A5BFF5208D9E6700F1C597 /* Assets.xcassets in Resources */,
				57A5BFF0208D9E6500F1C597 /* Main.storyboard in Resources */,
			);
			runOnlyForDeploymentPostprocessing = 0;
		};
		57A5BFFE208D9E6700F1C597 /* Resources */ = {
			isa = PBXResourcesBuildPhase;
			buildActionMask = 2147483647;
			files = (
			);
			runOnlyForDeploymentPostprocessing = 0;
		};
		57A5C009208D9E6700F1C597 /* Resources */ = {
			isa = PBXResourcesBuildPhase;
			buildActionMask = 2147483647;
			files = (
			);
			runOnlyForDeploymentPostprocessing = 0;
		};
/* End PBXResourcesBuildPhase section */

/* Begin PBXSourcesBuildPhase section */
		57A5BFE1208D9E6500F1C597 /* Sources */ = {
			isa = PBXSourcesBuildPhase;
			buildActionMask = 2147483647;
			files = (
				57DF70642090E13000831D3E /* AGChatViewController.m in Sources */,
				57AAC44C208F4A5500EE54E0 /* VerifyViewController.m in Sources */,
				57DF70582090C91600831D3E /* FollowerTableViewController.m in Sources */,
				57AAC445208F253F00EE54E0 /* BL_TwitterRequest.m in Sources */,
				57A5BFF3208D9E6500F1C597 /* PostRequest.xcdatamodeld in Sources */,
				57A5BFED208D9E6500F1C597 /* ViewController.m in Sources */,
				57A5BFFB208D9E6700F1C597 /* main.m in Sources */,
				57AAC448208F271700EE54E0 /* Base64.m in Sources */,
				57A5BFEA208D9E6500F1C597 /* AppDelegate.m in Sources */,
			);
			runOnlyForDeploymentPostprocessing = 0;
		};
		57A5BFFC208D9E6700F1C597 /* Sources */ = {
			isa = PBXSourcesBuildPhase;
			buildActionMask = 2147483647;
			files = (
				57A5C005208D9E6700F1C597 /* PostRequestTests.m in Sources */,
			);
			runOnlyForDeploymentPostprocessing = 0;
		};
		57A5C007208D9E6700F1C597 /* Sources */ = {
			isa = PBXSourcesBuildPhase;
			buildActionMask = 2147483647;
			files = (
				57A5C010208D9E6700F1C597 /* PostRequestUITests.m in Sources */,
			);
			runOnlyForDeploymentPostprocessing = 0;
		};
/* End PBXSourcesBuildPhase section */

/* Begin PBXTargetDependency section */
		57A5C002208D9E6700F1C597 /* PBXTargetDependency */ = {
			isa = PBXTargetDependency;
			target = 57A5BFE4208D9E6500F1C597 /* Twitter */;
			targetProxy = 57A5C001208D9E6700F1C597 /* PBXContainerItemProxy */;
		};
		57A5C00D208D9E6700F1C597 /* PBXTargetDependency */ = {
			isa = PBXTargetDependency;
			target = 57A5BFE4208D9E6500F1C597 /* Twitter */;
			targetProxy = 57A5C00C208D9E6700F1C597 /* PBXContainerItemProxy */;
		};
/* End PBXTargetDependency section */

/* Begin PBXVariantGroup section */
		57A5BFEE208D9E6500F1C597 /* Main.storyboard */ = {
			isa = PBXVariantGroup;
			children = (
				57A5BFEF208D9E6500F1C597 /* Base */,
			);
			name = Main.storyboard;
			sourceTree = "<group>";
		};
		57A5BFF6208D9E6700F1C597 /* LaunchScreen.storyboard */ = {
			isa = PBXVariantGroup;
			children = (
				57A5BFF7208D9E6700F1C597 /* Base */,
			);
			name = LaunchScreen.storyboard;
			sourceTree = "<group>";
		};
/* End PBXVariantGroup section */

/* Begin XCBuildConfiguration section */
		57A5C012208D9E6700F1C597 /* Debug */ = {
			isa = XCBuildConfiguration;
			buildSettings = {
				ALWAYS_SEARCH_USER_PATHS = NO;
				CLANG_ANALYZER_NONNULL = YES;
				CLANG_ANALYZER_NUMBER_OBJECT_CONVERSION = YES_AGGRESSIVE;
				CLANG_CXX_LANGUAGE_STANDARD = "gnu++14";
				CLANG_CXX_LIBRARY = "libc++";
				CLANG_ENABLE_MODULES = YES;
				CLANG_ENABLE_OBJC_ARC = YES;
				CLANG_ENABLE_OBJC_WEAK = YES;
				CLANG_WARN_BLOCK_CAPTURE_AUTORELEASING = YES;
				CLANG_WARN_BOOL_CONVERSION = YES;
				CLANG_WARN_COMMA = YES;
				CLANG_WARN_CONSTANT_CONVERSION = YES;
				CLANG_WARN_DEPRECATED_OBJC_IMPLEMENTATIONS = YES;
				CLANG_WARN_DIRECT_OBJC_ISA_USAGE = YES_ERROR;
				CLANG_WARN_DOCUMENTATION_COMMENTS = YES;
				CLANG_WARN_EMPTY_BODY = YES;
				CLANG_WARN_ENUM_CONVERSION = YES;
				CLANG_WARN_INFINITE_RECURSION = YES;
				CLANG_WARN_INT_CONVERSION = YES;
				CLANG_WARN_NON_LITERAL_NULL_CONVERSION = YES;
				CLANG_WARN_OBJC_IMPLICIT_RETAIN_SELF = YES;
				CLANG_WARN_OBJC_LITERAL_CONVERSION = YES;
				CLANG_WARN_OBJC_ROOT_CLASS = YES_ERROR;
				CLANG_WARN_RANGE_LOOP_ANALYSIS = YES;
				CLANG_WARN_STRICT_PROTOTYPES = YES;
				CLANG_WARN_SUSPICIOUS_MOVE = YES;
				CLANG_WARN_UNGUARDED_AVAILABILITY = YES_AGGRESSIVE;
				CLANG_WARN_UNREACHABLE_CODE = YES;
				CLANG_WARN__DUPLICATE_METHOD_MATCH = YES;
				CODE_SIGN_IDENTITY = "iPhone Developer";
				COPY_PHASE_STRIP = NO;
				DEBUG_INFORMATION_FORMAT = dwarf;
				ENABLE_STRICT_OBJC_MSGSEND = YES;
				ENABLE_TESTABILITY = YES;
				GCC_C_LANGUAGE_STANDARD = gnu11;
				GCC_DYNAMIC_NO_PIC = NO;
				GCC_NO_COMMON_BLOCKS = YES;
				GCC_OPTIMIZATION_LEVEL = 0;
				GCC_PREPROCESSOR_DEFINITIONS = (
					"DEBUG=1",
					"$(inherited)",
				);
				GCC_WARN_64_TO_32_BIT_CONVERSION = YES;
				GCC_WARN_ABOUT_RETURN_TYPE = YES_ERROR;
				GCC_WARN_UNDECLARED_SELECTOR = YES;
				GCC_WARN_UNINITIALIZED_AUTOS = YES_AGGRESSIVE;
				GCC_WARN_UNUSED_FUNCTION = YES;
				GCC_WARN_UNUSED_VARIABLE = YES;
				IPHONEOS_DEPLOYMENT_TARGET = 11.3;
				MTL_ENABLE_DEBUG_INFO = YES;
				ONLY_ACTIVE_ARCH = YES;
				SDKROOT = iphoneos;
			};
			name = Debug;
		};
		57A5C013208D9E6700F1C597 /* Release */ = {
			isa = XCBuildConfiguration;
			buildSettings = {
				ALWAYS_SEARCH_USER_PATHS = NO;
				CLANG_ANALYZER_NONNULL = YES;
				CLANG_ANALYZER_NUMBER_OBJECT_CONVERSION = YES_AGGRESSIVE;
				CLANG_CXX_LANGUAGE_STANDARD = "gnu++14";
				CLANG_CXX_LIBRARY = "libc++";
				CLANG_ENABLE_MODULES = YES;
				CLANG_ENABLE_OBJC_ARC = YES;
				CLANG_ENABLE_OBJC_WEAK = YES;
				CLANG_WARN_BLOCK_CAPTURE_AUTORELEASING = YES;
				CLANG_WARN_BOOL_CONVERSION = YES;
				CLANG_WARN_COMMA = YES;
				CLANG_WARN_CONSTANT_CONVERSION = YES;
				CLANG_WARN_DEPRECATED_OBJC_IMPLEMENTATIONS = YES;
				CLANG_WARN_DIRECT_OBJC_ISA_USAGE = YES_ERROR;
				CLANG_WARN_DOCUMENTATION_COMMENTS = YES;
				CLANG_WARN_EMPTY_BODY = YES;
				CLANG_WARN_ENUM_CONVERSION = YES;
				CLANG_WARN_INFINITE_RECURSION = YES;
				CLANG_WARN_INT_CONVERSION = YES;
				CLANG_WARN_NON_LITERAL_NULL_CONVERSION = YES;
				CLANG_WARN_OBJC_IMPLICIT_RETAIN_SELF = YES;
				CLANG_WARN_OBJC_LITERAL_CONVERSION = YES;
				CLANG_WARN_OBJC_ROOT_CLASS = YES_ERROR;
				CLANG_WARN_RANGE_LOOP_ANALYSIS = YES;
				CLANG_WARN_STRICT_PROTOTYPES = YES;
				CLANG_WARN_SUSPICIOUS_MOVE = YES;
				CLANG_WARN_UNGUARDED_AVAILABILITY = YES_AGGRESSIVE;
				CLANG_WARN_UNREACHABLE_CODE = YES;
				CLANG_WARN__DUPLICATE_METHOD_MATCH = YES;
				CODE_SIGN_IDENTITY = "iPhone Developer";
				COPY_PHASE_STRIP = NO;
				DEBUG_INFORMATION_FORMAT = "dwarf-with-dsym";
				ENABLE_NS_ASSERTIONS = NO;
				ENABLE_STRICT_OBJC_MSGSEND = YES;
				GCC_C_LANGUAGE_STANDARD = gnu11;
				GCC_NO_COMMON_BLOCKS = YES;
				GCC_WARN_64_TO_32_BIT_CONVERSION = YES;
				GCC_WARN_ABOUT_RETURN_TYPE = YES_ERROR;
				GCC_WARN_UNDECLARED_SELECTOR = YES;
				GCC_WARN_UNINITIALIZED_AUTOS = YES_AGGRESSIVE;
				GCC_WARN_UNUSED_FUNCTION = YES;
				GCC_WARN_UNUSED_VARIABLE = YES;
				IPHONEOS_DEPLOYMENT_TARGET = 11.3;
				MTL_ENABLE_DEBUG_INFO = NO;
				SDKROOT = iphoneos;
				VALIDATE_PRODUCT = YES;
			};
			name = Release;
		};
		57A5C015208D9E6700F1C597 /* Debug */ = {
			isa = XCBuildConfiguration;
			buildSettings = {
				ASSETCATALOG_COMPILER_APPICON_NAME = AppIcon;
				CODE_SIGN_STYLE = Automatic;
				DEVELOPMENT_TEAM = 8287V7L29H;
				INFOPLIST_FILE = PostRequest/Info.plist;
				LD_RUNPATH_SEARCH_PATHS = (
					"$(inherited)",
					"@executable_path/Frameworks",
				);
				PRODUCT_BUNDLE_IDENTIFIER = Kiwi.PostRequest;
				PRODUCT_NAME = "$(TARGET_NAME)";
				TARGETED_DEVICE_FAMILY = "1,2";
			};
			name = Debug;
		};
		57A5C016208D9E6700F1C597 /* Release */ = {
			isa = XCBuildConfiguration;
			buildSettings = {
				ASSETCATALOG_COMPILER_APPICON_NAME = AppIcon;
				CODE_SIGN_STYLE = Automatic;
				DEVELOPMENT_TEAM = 8287V7L29H;
				INFOPLIST_FILE = PostRequest/Info.plist;
				LD_RUNPATH_SEARCH_PATHS = (
					"$(inherited)",
					"@executable_path/Frameworks",
				);
				PRODUCT_BUNDLE_IDENTIFIER = Kiwi.PostRequest;
				PRODUCT_NAME = "$(TARGET_NAME)";
				TARGETED_DEVICE_FAMILY = "1,2";
			};
			name = Release;
		};
		57A5C018208D9E6700F1C597 /* Debug */ = {
			isa = XCBuildConfiguration;
			buildSettings = {
				BUNDLE_LOADER = "$(TEST_HOST)";
				CODE_SIGN_STYLE = Automatic;
				INFOPLIST_FILE = PostRequestTests/Info.plist;
				LD_RUNPATH_SEARCH_PATHS = (
					"$(inherited)",
					"@executable_path/Frameworks",
					"@loader_path/Frameworks",
				);
				PRODUCT_BUNDLE_IDENTIFIER = Kiwi.PostRequestTests;
				PRODUCT_NAME = "$(TARGET_NAME)";
				TARGETED_DEVICE_FAMILY = "1,2";
				TEST_HOST = "$(BUILT_PRODUCTS_DIR)/Twitter.app/Twitter";
			};
			name = Debug;
		};
		57A5C019208D9E6700F1C597 /* Release */ = {
			isa = XCBuildConfiguration;
			buildSettings = {
				BUNDLE_LOADER = "$(TEST_HOST)";
				CODE_SIGN_STYLE = Automatic;
				INFOPLIST_FILE = PostRequestTests/Info.plist;
				LD_RUNPATH_SEARCH_PATHS = (
					"$(inherited)",
					"@executable_path/Frameworks",
					"@loader_path/Frameworks",
				);
				PRODUCT_BUNDLE_IDENTIFIER = Kiwi.PostRequestTests;
				PRODUCT_NAME = "$(TARGET_NAME)";
				TARGETED_DEVICE_FAMILY = "1,2";
				TEST_HOST = "$(BUILT_PRODUCTS_DIR)/Twitter.app/Twitter";
			};
			name = Release;
		};
		57A5C01B208D9E6700F1C597 /* Debug */ = {
			isa = XCBuildConfiguration;
			buildSettings = {
				CODE_SIGN_STYLE = Automatic;
				INFOPLIST_FILE = PostRequestUITests/Info.plist;
				LD_RUNPATH_SEARCH_PATHS = (
					"$(inherited)",
					"@executable_path/Frameworks",
					"@loader_path/Frameworks",
				);
				PRODUCT_BUNDLE_IDENTIFIER = Kiwi.PostRequestUITests;
				PRODUCT_NAME = "$(TARGET_NAME)";
				TARGETED_DEVICE_FAMILY = "1,2";
				TEST_TARGET_NAME = PostRequest;
			};
			name = Debug;
		};
		57A5C01C208D9E6700F1C597 /* Release */ = {
			isa = XCBuildConfiguration;
			buildSettings = {
				CODE_SIGN_STYLE = Automatic;
				INFOPLIST_FILE = PostRequestUITests/Info.plist;
				LD_RUNPATH_SEARCH_PATHS = (
					"$(inherited)",
					"@executable_path/Frameworks",
					"@loader_path/Frameworks",
				);
				PRODUCT_BUNDLE_IDENTIFIER = Kiwi.PostRequestUITests;
				PRODUCT_NAME = "$(TARGET_NAME)";
				TARGETED_DEVICE_FAMILY = "1,2";
				TEST_TARGET_NAME = PostRequest;
			};
			name = Release;
		};
/* End XCBuildConfiguration section */

/* Begin XCConfigurationList section */
		57A5BFE0208D9E6500F1C597 /* Build configuration list for PBXProject "Twitter" */ = {
			isa = XCConfigurationList;
			buildConfigurations = (
				57A5C012208D9E6700F1C597 /* Debug */,
				57A5C013208D9E6700F1C597 /* Release */,
			);
			defaultConfigurationIsVisible = 0;
			defaultConfigurationName = Release;
		};
		57A5C014208D9E6700F1C597 /* Build configuration list for PBXNativeTarget "Twitter" */ = {
			isa = XCConfigurationList;
			buildConfigurations = (
				57A5C015208D9E6700F1C597 /* Debug */,
				57A5C016208D9E6700F1C597 /* Release */,
			);
			defaultConfigurationIsVisible = 0;
			defaultConfigurationName = Release;
		};
		57A5C017208D9E6700F1C597 /* Build configuration list for PBXNativeTarget "TwitterTests" */ = {
			isa = XCConfigurationList;
			buildConfigurations = (
				57A5C018208D9E6700F1C597 /* Debug */,
				57A5C019208D9E6700F1C597 /* Release */,
			);
			defaultConfigurationIsVisible = 0;
			defaultConfigurationName = Release;
		};
		57A5C01A208D9E6700F1C597 /* Build configuration list for PBXNativeTarget "TwitterUITests" */ = {
			isa = XCConfigurationList;
			buildConfigurations = (
				57A5C01B208D9E6700F1C597 /* Debug */,
				57A5C01C208D9E6700F1C597 /* Release */,
			);
			defaultConfigurationIsVisible = 0;
			defaultConfigurationName = Release;
		};
/* End XCConfigurationList section */

/* Begin XCVersionGroup section */
		57A5BFF1208D9E6500F1C597 /* PostRequest.xcdatamodeld */ = {
			isa = XCVersionGroup;
			children = (
				57A5BFF2208D9E6500F1C597 /* PostRequest.xcdatamodel */,
			);
			currentVersion = 57A5BFF2208D9E6500F1C597 /* PostRequest.xcdatamodel */;
			path = PostRequest.xcdatamodeld;
			sourceTree = "<group>";
			versionGroupType = wrapper.xcdatamodel;
		};
/* End XCVersionGroup section */
	};
	rootObject = 57A5BFDD208D9E6500F1C597 /* Project object */;
}
